// !$*UTF8*$!
{
	archiveVersion = 1;
	classes = {
	};
	objectVersion = 56;
	objects = {

/* Begin PBXBuildFile section */
		045673742B0206C300D7B28F /* WidgetKit.framework in Frameworks */ = {isa = PBXBuildFile; fileRef = 045673732B0206C300D7B28F /* WidgetKit.framework */; };
		045673762B0206C300D7B28F /* SwiftUI.framework in Frameworks */ = {isa = PBXBuildFile; fileRef = 045673752B0206C300D7B28F /* SwiftUI.framework */; };
		045673832B0206C400D7B28F /* Wallpaper-WidgetExtension.appex in Embed Foundation Extensions */ = {isa = PBXBuildFile; fileRef = 045673712B0206C200D7B28F /* Wallpaper-WidgetExtension.appex */; settings = {ATTRIBUTES = (RemoveHeadersOnCopy, ); }; };
		045673892B0206E200D7B28F /* WidgetModel.xcdatamodeld in Sources */ = {isa = PBXBuildFile; fileRef = 0485EAFA2B01C8FD00C2C6DF /* WidgetModel.xcdatamodeld */; };
		045673942B02074900D7B28F /* AppIntity+Query.swift in Sources */ = {isa = PBXBuildFile; fileRef = 045673922B02074900D7B28F /* AppIntity+Query.swift */; };
		045673962B02088500D7B28F /* CoreDataService.swift in Sources */ = {isa = PBXBuildFile; fileRef = 045673952B02088500D7B28F /* CoreDataService.swift */; };
		045673972B02088500D7B28F /* CoreDataService.swift in Sources */ = {isa = PBXBuildFile; fileRef = 045673952B02088500D7B28F /* CoreDataService.swift */; };
		0456739A2B020FD100D7B28F /* Wallpaper_WidgetBundle.swift in Sources */ = {isa = PBXBuildFile; fileRef = 045673982B020FD100D7B28F /* Wallpaper_WidgetBundle.swift */; };
		0456739C2B020FF400D7B28F /* AppIntent.swift in Sources */ = {isa = PBXBuildFile; fileRef = 0456739B2B020FF400D7B28F /* AppIntent.swift */; };
		0456739E2B020FFF00D7B28F /* HomePlaceholderView.swift in Sources */ = {isa = PBXBuildFile; fileRef = 0456739D2B020FFF00D7B28F /* HomePlaceholderView.swift */; };
		045673A02B02100400D7B28F /* WallPaperView.swift in Sources */ = {isa = PBXBuildFile; fileRef = 0456739F2B02100400D7B28F /* WallPaperView.swift */; };
		045673A22B02101900D7B28F /* HomeProvider.swift in Sources */ = {isa = PBXBuildFile; fileRef = 045673A12B02101900D7B28F /* HomeProvider.swift */; };
		045673A32B02104A00D7B28F /* WDConstant.swift in Sources */ = {isa = PBXBuildFile; fileRef = 0485EB0A2B01CA5200C2C6DF /* WDConstant.swift */; };
		045673A42B02105900D7B28F /* DataController.swift in Sources */ = {isa = PBXBuildFile; fileRef = 0485EB282B01D6AF00C2C6DF /* DataController.swift */; };
		045673A52B02105C00D7B28F /* ItemExtension.swift in Sources */ = {isa = PBXBuildFile; fileRef = 0485EB262B01CCEA00C2C6DF /* ItemExtension.swift */; };
		045673A62B02105E00D7B28F /* CategoryExtension.swift in Sources */ = {isa = PBXBuildFile; fileRef = 0485EB242B01CC3F00C2C6DF /* CategoryExtension.swift */; };
		045673A72B0210BD00D7B28F /* WeekendDayModel.swift in Sources */ = {isa = PBXBuildFile; fileRef = 0485EB042B01CA4600C2C6DF /* WeekendDayModel.swift */; };
		045673A82B0210BD00D7B28F /* WDHomeFolderType.swift in Sources */ = {isa = PBXBuildFile; fileRef = 0485EB012B01CA4500C2C6DF /* WDHomeFolderType.swift */; };
		045673A92B0210BD00D7B28F /* WDNetworkHomeModel.swift in Sources */ = {isa = PBXBuildFile; fileRef = 0485EB032B01CA4500C2C6DF /* WDNetworkHomeModel.swift */; };
		045673AA2B0210BD00D7B28F /* ButtonCheckListModel.swift in Sources */ = {isa = PBXBuildFile; fileRef = 0485EB002B01CA4400C2C6DF /* ButtonCheckListModel.swift */; };
		045673AB2B0210BD00D7B28F /* FolderModel.swift in Sources */ = {isa = PBXBuildFile; fileRef = 0485EB022B01CA4500C2C6DF /* FolderModel.swift */; };
		045673AC2B0210C900D7B28F /* FileService.swift in Sources */ = {isa = PBXBuildFile; fileRef = 0485EB0D2B01CA6A00C2C6DF /* FileService.swift */; };
		045673AD2B0210CB00D7B28F /* HomeNetworkManager.swift in Sources */ = {isa = PBXBuildFile; fileRef = 0485EB0C2B01CA6800C2C6DF /* HomeNetworkManager.swift */; };
		045673BF2B02228500D7B28F /* ImageDataViewModel.swift in Sources */ = {isa = PBXBuildFile; fileRef = 045673BE2B02228500D7B28F /* ImageDataViewModel.swift */; };
		045673C22B0222BB00D7B28F /* CheckListView.swift in Sources */ = {isa = PBXBuildFile; fileRef = 045673C02B0222BB00D7B28F /* CheckListView.swift */; };
		045673C32B0222BB00D7B28F /* BackgroudView.swift in Sources */ = {isa = PBXBuildFile; fileRef = 045673C12B0222BB00D7B28F /* BackgroudView.swift */; };
		045673C82B0222C600D7B28F /* ChangeBackgroundIntent.swift in Sources */ = {isa = PBXBuildFile; fileRef = 045673C42B0222C600D7B28F /* ChangeBackgroundIntent.swift */; };
		045673C92B0222C600D7B28F /* RandomRoutinButtonIntent.swift in Sources */ = {isa = PBXBuildFile; fileRef = 045673C52B0222C600D7B28F /* RandomRoutinButtonIntent.swift */; };
		045673CA2B0222C600D7B28F /* SourceMakerIntent.swift in Sources */ = {isa = PBXBuildFile; fileRef = 045673C62B0222C600D7B28F /* SourceMakerIntent.swift */; };
		045673CB2B0222C600D7B28F /* SingleRoutineButtonIntent.swift in Sources */ = {isa = PBXBuildFile; fileRef = 045673C72B0222C600D7B28F /* SingleRoutineButtonIntent.swift */; };
		0475C18B2B0C90E5002DD99D /* ExtensionProvider.swift in Sources */ = {isa = PBXBuildFile; fileRef = 0475C1892B0C90E5002DD99D /* ExtensionProvider.swift */; };
		0485EAED2B01C8DA00C2C6DF /* WallPaper_CoreDataApp.swift in Sources */ = {isa = PBXBuildFile; fileRef = 0485EAEC2B01C8DA00C2C6DF /* WallPaper_CoreDataApp.swift */; };
		0485EAEF2B01C8DA00C2C6DF /* ContentView.swift in Sources */ = {isa = PBXBuildFile; fileRef = 0485EAEE2B01C8DA00C2C6DF /* ContentView.swift */; };
		0485EAF12B01C8DB00C2C6DF /* Assets.xcassets in Resources */ = {isa = PBXBuildFile; fileRef = 0485EAF02B01C8DB00C2C6DF /* Assets.xcassets */; };
		0485EAFC2B01C8FD00C2C6DF /* WidgetModel.xcdatamodeld in Sources */ = {isa = PBXBuildFile; fileRef = 0485EAFA2B01C8FD00C2C6DF /* WidgetModel.xcdatamodeld */; };
		0485EB052B01CA4600C2C6DF /* ButtonCheckListModel.swift in Sources */ = {isa = PBXBuildFile; fileRef = 0485EB002B01CA4400C2C6DF /* ButtonCheckListModel.swift */; };
		0485EB062B01CA4600C2C6DF /* WDHomeFolderType.swift in Sources */ = {isa = PBXBuildFile; fileRef = 0485EB012B01CA4500C2C6DF /* WDHomeFolderType.swift */; };
		0485EB072B01CA4600C2C6DF /* FolderModel.swift in Sources */ = {isa = PBXBuildFile; fileRef = 0485EB022B01CA4500C2C6DF /* FolderModel.swift */; };
		0485EB082B01CA4600C2C6DF /* WDNetworkHomeModel.swift in Sources */ = {isa = PBXBuildFile; fileRef = 0485EB032B01CA4500C2C6DF /* WDNetworkHomeModel.swift */; };
		0485EB092B01CA4600C2C6DF /* WeekendDayModel.swift in Sources */ = {isa = PBXBuildFile; fileRef = 0485EB042B01CA4600C2C6DF /* WeekendDayModel.swift */; };
		0485EB0B2B01CA5200C2C6DF /* WDConstant.swift in Sources */ = {isa = PBXBuildFile; fileRef = 0485EB0A2B01CA5200C2C6DF /* WDConstant.swift */; };
		0485EB0E2B01CA6A00C2C6DF /* HomeNetworkManager.swift in Sources */ = {isa = PBXBuildFile; fileRef = 0485EB0C2B01CA6800C2C6DF /* HomeNetworkManager.swift */; };
		0485EB0F2B01CA6A00C2C6DF /* FileService.swift in Sources */ = {isa = PBXBuildFile; fileRef = 0485EB0D2B01CA6A00C2C6DF /* FileService.swift */; };
		0485EB252B01CC3F00C2C6DF /* CategoryExtension.swift in Sources */ = {isa = PBXBuildFile; fileRef = 0485EB242B01CC3F00C2C6DF /* CategoryExtension.swift */; };
		0485EB272B01CCEA00C2C6DF /* ItemExtension.swift in Sources */ = {isa = PBXBuildFile; fileRef = 0485EB262B01CCEA00C2C6DF /* ItemExtension.swift */; };
		0485EB292B01D6AF00C2C6DF /* DataController.swift in Sources */ = {isa = PBXBuildFile; fileRef = 0485EB282B01D6AF00C2C6DF /* DataController.swift */; };
		0489A0E32B103AB700399ED9 /* CategoryLockExtension.swift in Sources */ = {isa = PBXBuildFile; fileRef = 0489A0E22B103AB700399ED9 /* CategoryLockExtension.swift */; };
		0489A0EF2B1040F400399ED9 /* CommonResponseModel.swift in Sources */ = {isa = PBXBuildFile; fileRef = 0489A0EE2B1040F400399ED9 /* CommonResponseModel.swift */; };
		0489A0F02B10411E00399ED9 /* CommonResponseModel.swift in Sources */ = {isa = PBXBuildFile; fileRef = 0489A0EE2B1040F400399ED9 /* CommonResponseModel.swift */; };
		0489A0F22B1041A800399ED9 /* WDGifLockModel.swift in Sources */ = {isa = PBXBuildFile; fileRef = 0489A0F12B1041A800399ED9 /* WDGifLockModel.swift */; };
		0489A0F32B1041A800399ED9 /* WDGifLockModel.swift in Sources */ = {isa = PBXBuildFile; fileRef = 0489A0F12B1041A800399ED9 /* WDGifLockModel.swift */; };
		0489A0F52B1043CC00399ED9 /* GifNetworkManager.swift in Sources */ = {isa = PBXBuildFile; fileRef = 0489A0F42B1043CC00399ED9 /* GifNetworkManager.swift */; };
		0489A0F62B1043CC00399ED9 /* GifNetworkManager.swift in Sources */ = {isa = PBXBuildFile; fileRef = 0489A0F42B1043CC00399ED9 /* GifNetworkManager.swift */; };
		0489A0FB2B1048BA00399ED9 /* LockGifType.swift in Sources */ = {isa = PBXBuildFile; fileRef = 0489A0FA2B1048BA00399ED9 /* LockGifType.swift */; };
		0489A0FC2B1048BA00399ED9 /* LockGifType.swift in Sources */ = {isa = PBXBuildFile; fileRef = 0489A0FA2B1048BA00399ED9 /* LockGifType.swift */; };
		0489A0FE2B1049AA00399ED9 /* LockType.swift in Sources */ = {isa = PBXBuildFile; fileRef = 0489A0FD2B1049AA00399ED9 /* LockType.swift */; };
		0489A0FF2B1049AA00399ED9 /* LockType.swift in Sources */ = {isa = PBXBuildFile; fileRef = 0489A0FD2B1049AA00399ED9 /* LockType.swift */; };
		0489A1162B1060B900399ED9 /* LockRectangleWidget.swift in Sources */ = {isa = PBXBuildFile; fileRef = 0489A1142B1060A100399ED9 /* LockRectangleWidget.swift */; };
		0489A1192B1062E200399ED9 /* LockPlaceHolderView.swift in Sources */ = {isa = PBXBuildFile; fileRef = 0489A10A2B105DFC00399ED9 /* LockPlaceHolderView.swift */; };
		0489A11A2B1062E500399ED9 /* RectangleProvider.swift in Sources */ = {isa = PBXBuildFile; fileRef = 0489A1102B105F4E00399ED9 /* RectangleProvider.swift */; };
		0489A11B2B1062E700399ED9 /* PlayButtonIntent.swift in Sources */ = {isa = PBXBuildFile; fileRef = 04C6B7992B0753C700E9ED63 /* PlayButtonIntent.swift */; };
		0489A11C2B1062EB00399ED9 /* RectangleViewModel.swift in Sources */ = {isa = PBXBuildFile; fileRef = 0489A1072B105CED00399ED9 /* RectangleViewModel.swift */; };
		0489A11D2B10631300399ED9 /* LockRectangleConfigurationAppIntent.swift in Sources */ = {isa = PBXBuildFile; fileRef = 0489A10C2B105ED400399ED9 /* LockRectangleConfigurationAppIntent.swift */; };
		0489A1202B10641F00399ED9 /* RectangleWidgetView.swift in Sources */ = {isa = PBXBuildFile; fileRef = 0489A11E2B1063AE00399ED9 /* RectangleWidgetView.swift */; };
		0489A1392B107F9600399ED9 /* LockSquareConfigurationAppIntent.swift in Sources */ = {isa = PBXBuildFile; fileRef = 0489A1312B107EC800399ED9 /* LockSquareConfigurationAppIntent.swift */; };
		0489A13B2B10808700399ED9 /* SquareProvider.swift in Sources */ = {isa = PBXBuildFile; fileRef = 0489A1372B107F5E00399ED9 /* SquareProvider.swift */; };
		0489A13E2B1080F200399ED9 /* SquareWidgetView.swift in Sources */ = {isa = PBXBuildFile; fileRef = 0489A13C2B1080DD00399ED9 /* SquareWidgetView.swift */; };
		0489A13F2B10812400399ED9 /* LockSquareWidget.swift in Sources */ = {isa = PBXBuildFile; fileRef = 0489A12F2B107E7600399ED9 /* LockSquareWidget.swift */; };
		0489A1422B10817700399ED9 /* InlineWidgetView.swift in Sources */ = {isa = PBXBuildFile; fileRef = 0489A1402B10815500399ED9 /* InlineWidgetView.swift */; };
		0489A1432B10827100399ED9 /* InlineProvider.swift in Sources */ = {isa = PBXBuildFile; fileRef = 0489A1352B107F4F00399ED9 /* InlineProvider.swift */; };
		0489A1442B1082A300399ED9 /* LockInlineWidget.swift in Sources */ = {isa = PBXBuildFile; fileRef = 0489A12D2B107E4400399ED9 /* LockInlineWidget.swift */; };
		0489A1452B1082AA00399ED9 /* LockInlineIntent.swift in Sources */ = {isa = PBXBuildFile; fileRef = 0489A1332B107F2400399ED9 /* LockInlineIntent.swift */; };
		0489A1492B10869B00399ED9 /* SquareViewModel.swift in Sources */ = {isa = PBXBuildFile; fileRef = 0489A1472B10868900399ED9 /* SquareViewModel.swift */; };
		0489A1552B108A9E00399ED9 /* RectBackgroundView.swift in Sources */ = {isa = PBXBuildFile; fileRef = 0489A1532B108A8B00399ED9 /* RectBackgroundView.swift */; };
		0489A1582B108B7500399ED9 /* AppEntity+Query.swift in Sources */ = {isa = PBXBuildFile; fileRef = 0489A1562B108B4400399ED9 /* AppEntity+Query.swift */; };
		0489A1592B10923300399ED9 /* ExtensionRectangleProvider.swift in Sources */ = {isa = PBXBuildFile; fileRef = 0489A14C2B1086CE00399ED9 /* ExtensionRectangleProvider.swift */; };
		0489A15A2B10942700399ED9 /* CategoryLockExtension.swift in Sources */ = {isa = PBXBuildFile; fileRef = 0489A0E22B103AB700399ED9 /* CategoryLockExtension.swift */; };
		0489A15C2B109F8500399ED9 /* AppEntity+QuerySquare.swift in Sources */ = {isa = PBXBuildFile; fileRef = 0489A15B2B109F8500399ED9 /* AppEntity+QuerySquare.swift */; };
		0489A15E2B10A0B600399ED9 /* SquareBackgroundView.swift in Sources */ = {isa = PBXBuildFile; fileRef = 0489A15D2B10A0B600399ED9 /* SquareBackgroundView.swift */; };
		0489A15F2B10A10D00399ED9 /* ExtensionSquareProvider.swift in Sources */ = {isa = PBXBuildFile; fileRef = 0489A14A2B1086C300399ED9 /* ExtensionSquareProvider.swift */; };
		0489A1612B10A8D900399ED9 /* ChangeBackgroundSquareIntent.swift in Sources */ = {isa = PBXBuildFile; fileRef = 0489A1602B10A8D900399ED9 /* ChangeBackgroundSquareIntent.swift */; };
		0489A1632B10A91A00399ED9 /* ChangeBackgroundRectIntent.swift in Sources */ = {isa = PBXBuildFile; fileRef = 0489A1622B10A91A00399ED9 /* ChangeBackgroundRectIntent.swift */; };
		049024992B0DB4B100481973 /* SourceMakerIntent.swift in Sources */ = {isa = PBXBuildFile; fileRef = 045673C62B0222C600D7B28F /* SourceMakerIntent.swift */; };
		0490249A2B0DB4BC00481973 /* ImageDataViewModel.swift in Sources */ = {isa = PBXBuildFile; fileRef = 045673BE2B02228500D7B28F /* ImageDataViewModel.swift */; };
		049024ED2B0E103C00481973 /* Category+CoreDataProperties.swift in Sources */ = {isa = PBXBuildFile; fileRef = 049024E92B0E103C00481973 /* Category+CoreDataProperties.swift */; };
		049024EE2B0E103C00481973 /* Category+CoreDataProperties.swift in Sources */ = {isa = PBXBuildFile; fileRef = 049024E92B0E103C00481973 /* Category+CoreDataProperties.swift */; };
		049024EF2B0E103C00481973 /* Item+CoreDataProperties.swift in Sources */ = {isa = PBXBuildFile; fileRef = 049024EA2B0E103C00481973 /* Item+CoreDataProperties.swift */; };
		049024F02B0E103C00481973 /* Item+CoreDataProperties.swift in Sources */ = {isa = PBXBuildFile; fileRef = 049024EA2B0E103C00481973 /* Item+CoreDataProperties.swift */; };
		049024F12B0E103C00481973 /* Item+CoreDataClass.swift in Sources */ = {isa = PBXBuildFile; fileRef = 049024EB2B0E103C00481973 /* Item+CoreDataClass.swift */; };
		049024F22B0E103C00481973 /* Item+CoreDataClass.swift in Sources */ = {isa = PBXBuildFile; fileRef = 049024EB2B0E103C00481973 /* Item+CoreDataClass.swift */; };
		049024F32B0E103C00481973 /* Category+CoreDataClass.swift in Sources */ = {isa = PBXBuildFile; fileRef = 049024EC2B0E103C00481973 /* Category+CoreDataClass.swift */; };
		049024F42B0E103C00481973 /* Category+CoreDataClass.swift in Sources */ = {isa = PBXBuildFile; fileRef = 049024EC2B0E103C00481973 /* Category+CoreDataClass.swift */; };
		04A3921C2B0B0BF10061A573 /* InstagramView.swift in Sources */ = {isa = PBXBuildFile; fileRef = 04A3921B2B0B0BF10061A573 /* InstagramView.swift */; };
		04C6B7912B07255A00E9ED63 /* WidgetBundleHome.swift in Sources */ = {isa = PBXBuildFile; fileRef = 04C6B7672B07187D00E9ED63 /* WidgetBundleHome.swift */; };
		04C6B7952B0728E700E9ED63 /* Preview Assets.xcassets in Resources */ = {isa = PBXBuildFile; fileRef = 04C6B7942B0728E700E9ED63 /* Preview Assets.xcassets */; };
		04C6B7982B07297500E9ED63 /* Assets.xcassets in Resources */ = {isa = PBXBuildFile; fileRef = 0485EAF02B01C8DB00C2C6DF /* Assets.xcassets */; };
		7682CF9B670042E319E7721F /* Pods_WallPaper_CoreData.framework in Frameworks */ = {isa = PBXBuildFile; fileRef = 2E97EB6424427E68D885218D /* Pods_WallPaper_CoreData.framework */; };
		BF3DB7D2932A2B57E809DDB7 /* Pods_Wallpaper_WidgetExtension.framework in Frameworks */ = {isa = PBXBuildFile; fileRef = EEE3FF5507D513869AABBFFD /* Pods_Wallpaper_WidgetExtension.framework */; };
/* End PBXBuildFile section */

/* Begin PBXContainerItemProxy section */
		045673812B0206C400D7B28F /* PBXContainerItemProxy */ = {
			isa = PBXContainerItemProxy;
			containerPortal = 0485EAE12B01C8DA00C2C6DF /* Project object */;
			proxyType = 1;
			remoteGlobalIDString = 045673702B0206C200D7B28F;
			remoteInfo = "Wallpaper-WidgetExtension";
		};
/* End PBXContainerItemProxy section */

/* Begin PBXCopyFilesBuildPhase section */
		045673872B0206C400D7B28F /* Embed Foundation Extensions */ = {
			isa = PBXCopyFilesBuildPhase;
			buildActionMask = 2147483647;
			dstPath = "";
			dstSubfolderSpec = 13;
			files = (
				045673832B0206C400D7B28F /* Wallpaper-WidgetExtension.appex in Embed Foundation Extensions */,
			);
			name = "Embed Foundation Extensions";
			runOnlyForDeploymentPostprocessing = 0;
		};
/* End PBXCopyFilesBuildPhase section */

/* Begin PBXFileReference section */
		023337E4EF62D33D433EAEE2 /* Pods-Wallpaper-WidgetExtension.debug.xcconfig */ = {isa = PBXFileReference; includeInIndex = 1; lastKnownFileType = text.xcconfig; name = "Pods-Wallpaper-WidgetExtension.debug.xcconfig"; path = "Target Support Files/Pods-Wallpaper-WidgetExtension/Pods-Wallpaper-WidgetExtension.debug.xcconfig"; sourceTree = "<group>"; };
		0456736C2B02023C00D7B28F /* WallPaper-CoreData.entitlements */ = {isa = PBXFileReference; lastKnownFileType = text.plist.entitlements; path = "WallPaper-CoreData.entitlements"; sourceTree = "<group>"; };
		045673712B0206C200D7B28F /* Wallpaper-WidgetExtension.appex */ = {isa = PBXFileReference; explicitFileType = "wrapper.app-extension"; includeInIndex = 0; path = "Wallpaper-WidgetExtension.appex"; sourceTree = BUILT_PRODUCTS_DIR; };
		045673732B0206C300D7B28F /* WidgetKit.framework */ = {isa = PBXFileReference; lastKnownFileType = wrapper.framework; name = WidgetKit.framework; path = System/Library/Frameworks/WidgetKit.framework; sourceTree = SDKROOT; };
		045673752B0206C300D7B28F /* SwiftUI.framework */ = {isa = PBXFileReference; lastKnownFileType = wrapper.framework; name = SwiftUI.framework; path = System/Library/Frameworks/SwiftUI.framework; sourceTree = SDKROOT; };
		045673882B0206D500D7B28F /* Wallpaper-WidgetExtension.entitlements */ = {isa = PBXFileReference; lastKnownFileType = text.plist.entitlements; path = "Wallpaper-WidgetExtension.entitlements"; sourceTree = "<group>"; };
		045673922B02074900D7B28F /* AppIntity+Query.swift */ = {isa = PBXFileReference; fileEncoding = 4; lastKnownFileType = sourcecode.swift; path = "AppIntity+Query.swift"; sourceTree = "<group>"; };
		045673952B02088500D7B28F /* CoreDataService.swift */ = {isa = PBXFileReference; lastKnownFileType = sourcecode.swift; path = CoreDataService.swift; sourceTree = "<group>"; };
		045673982B020FD100D7B28F /* Wallpaper_WidgetBundle.swift */ = {isa = PBXFileReference; fileEncoding = 4; lastKnownFileType = sourcecode.swift; path = Wallpaper_WidgetBundle.swift; sourceTree = "<group>"; };
		0456739B2B020FF400D7B28F /* AppIntent.swift */ = {isa = PBXFileReference; fileEncoding = 4; lastKnownFileType = sourcecode.swift; path = AppIntent.swift; sourceTree = "<group>"; };
		0456739D2B020FFF00D7B28F /* HomePlaceholderView.swift */ = {isa = PBXFileReference; fileEncoding = 4; lastKnownFileType = sourcecode.swift; path = HomePlaceholderView.swift; sourceTree = "<group>"; };
		0456739F2B02100400D7B28F /* WallPaperView.swift */ = {isa = PBXFileReference; fileEncoding = 4; lastKnownFileType = sourcecode.swift; path = WallPaperView.swift; sourceTree = "<group>"; };
		045673A12B02101900D7B28F /* HomeProvider.swift */ = {isa = PBXFileReference; fileEncoding = 4; lastKnownFileType = sourcecode.swift; path = HomeProvider.swift; sourceTree = "<group>"; };
		045673BE2B02228500D7B28F /* ImageDataViewModel.swift */ = {isa = PBXFileReference; fileEncoding = 4; lastKnownFileType = sourcecode.swift; path = ImageDataViewModel.swift; sourceTree = "<group>"; };
		045673C02B0222BB00D7B28F /* CheckListView.swift */ = {isa = PBXFileReference; fileEncoding = 4; lastKnownFileType = sourcecode.swift; path = CheckListView.swift; sourceTree = "<group>"; };
		045673C12B0222BB00D7B28F /* BackgroudView.swift */ = {isa = PBXFileReference; fileEncoding = 4; lastKnownFileType = sourcecode.swift; path = BackgroudView.swift; sourceTree = "<group>"; };
		045673C42B0222C600D7B28F /* ChangeBackgroundIntent.swift */ = {isa = PBXFileReference; fileEncoding = 4; lastKnownFileType = sourcecode.swift; path = ChangeBackgroundIntent.swift; sourceTree = "<group>"; };
		045673C52B0222C600D7B28F /* RandomRoutinButtonIntent.swift */ = {isa = PBXFileReference; fileEncoding = 4; lastKnownFileType = sourcecode.swift; path = RandomRoutinButtonIntent.swift; sourceTree = "<group>"; };
		045673C62B0222C600D7B28F /* SourceMakerIntent.swift */ = {isa = PBXFileReference; fileEncoding = 4; lastKnownFileType = sourcecode.swift; path = SourceMakerIntent.swift; sourceTree = "<group>"; };
		045673C72B0222C600D7B28F /* SingleRoutineButtonIntent.swift */ = {isa = PBXFileReference; fileEncoding = 4; lastKnownFileType = sourcecode.swift; path = SingleRoutineButtonIntent.swift; sourceTree = "<group>"; };
		0475C1892B0C90E5002DD99D /* ExtensionProvider.swift */ = {isa = PBXFileReference; lastKnownFileType = sourcecode.swift; path = ExtensionProvider.swift; sourceTree = "<group>"; };
		048407A12B047D8500381846 /* Info.plist */ = {isa = PBXFileReference; lastKnownFileType = text.plist; path = Info.plist; sourceTree = "<group>"; };
		0485EAE92B01C8DA00C2C6DF /* WallPaper-CoreData.app */ = {isa = PBXFileReference; explicitFileType = wrapper.application; includeInIndex = 0; path = "WallPaper-CoreData.app"; sourceTree = BUILT_PRODUCTS_DIR; };
		0485EAEC2B01C8DA00C2C6DF /* WallPaper_CoreDataApp.swift */ = {isa = PBXFileReference; lastKnownFileType = sourcecode.swift; path = WallPaper_CoreDataApp.swift; sourceTree = "<group>"; };
		0485EAEE2B01C8DA00C2C6DF /* ContentView.swift */ = {isa = PBXFileReference; lastKnownFileType = sourcecode.swift; path = ContentView.swift; sourceTree = "<group>"; };
		0485EAF02B01C8DB00C2C6DF /* Assets.xcassets */ = {isa = PBXFileReference; lastKnownFileType = folder.assetcatalog; path = Assets.xcassets; sourceTree = "<group>"; };
		0485EAFB2B01C8FD00C2C6DF /* WidgetModel.xcdatamodel */ = {isa = PBXFileReference; lastKnownFileType = wrapper.xcdatamodel; path = WidgetModel.xcdatamodel; sourceTree = "<group>"; };
		0485EB002B01CA4400C2C6DF /* ButtonCheckListModel.swift */ = {isa = PBXFileReference; fileEncoding = 4; lastKnownFileType = sourcecode.swift; path = ButtonCheckListModel.swift; sourceTree = "<group>"; };
		0485EB012B01CA4500C2C6DF /* WDHomeFolderType.swift */ = {isa = PBXFileReference; fileEncoding = 4; lastKnownFileType = sourcecode.swift; path = WDHomeFolderType.swift; sourceTree = "<group>"; };
		0485EB022B01CA4500C2C6DF /* FolderModel.swift */ = {isa = PBXFileReference; fileEncoding = 4; lastKnownFileType = sourcecode.swift; path = FolderModel.swift; sourceTree = "<group>"; };
		0485EB032B01CA4500C2C6DF /* WDNetworkHomeModel.swift */ = {isa = PBXFileReference; fileEncoding = 4; lastKnownFileType = sourcecode.swift; path = WDNetworkHomeModel.swift; sourceTree = "<group>"; };
		0485EB042B01CA4600C2C6DF /* WeekendDayModel.swift */ = {isa = PBXFileReference; fileEncoding = 4; lastKnownFileType = sourcecode.swift; path = WeekendDayModel.swift; sourceTree = "<group>"; };
		0485EB0A2B01CA5200C2C6DF /* WDConstant.swift */ = {isa = PBXFileReference; fileEncoding = 4; lastKnownFileType = sourcecode.swift; path = WDConstant.swift; sourceTree = "<group>"; };
		0485EB0C2B01CA6800C2C6DF /* HomeNetworkManager.swift */ = {isa = PBXFileReference; fileEncoding = 4; lastKnownFileType = sourcecode.swift; path = HomeNetworkManager.swift; sourceTree = "<group>"; };
		0485EB0D2B01CA6A00C2C6DF /* FileService.swift */ = {isa = PBXFileReference; fileEncoding = 4; lastKnownFileType = sourcecode.swift; path = FileService.swift; sourceTree = "<group>"; };
		0485EB242B01CC3F00C2C6DF /* CategoryExtension.swift */ = {isa = PBXFileReference; lastKnownFileType = sourcecode.swift; path = CategoryExtension.swift; sourceTree = "<group>"; };
		0485EB262B01CCEA00C2C6DF /* ItemExtension.swift */ = {isa = PBXFileReference; lastKnownFileType = sourcecode.swift; path = ItemExtension.swift; sourceTree = "<group>"; };
		0485EB282B01D6AF00C2C6DF /* DataController.swift */ = {isa = PBXFileReference; lastKnownFileType = sourcecode.swift; path = DataController.swift; sourceTree = "<group>"; };
		0489A0E22B103AB700399ED9 /* CategoryLockExtension.swift */ = {isa = PBXFileReference; lastKnownFileType = sourcecode.swift; path = CategoryLockExtension.swift; sourceTree = "<group>"; };
		0489A0EE2B1040F400399ED9 /* CommonResponseModel.swift */ = {isa = PBXFileReference; lastKnownFileType = sourcecode.swift; path = CommonResponseModel.swift; sourceTree = "<group>"; };
		0489A0F12B1041A800399ED9 /* WDGifLockModel.swift */ = {isa = PBXFileReference; lastKnownFileType = sourcecode.swift; path = WDGifLockModel.swift; sourceTree = "<group>"; };
		0489A0F42B1043CC00399ED9 /* GifNetworkManager.swift */ = {isa = PBXFileReference; lastKnownFileType = sourcecode.swift; path = GifNetworkManager.swift; sourceTree = "<group>"; };
		0489A0FA2B1048BA00399ED9 /* LockGifType.swift */ = {isa = PBXFileReference; lastKnownFileType = sourcecode.swift; path = LockGifType.swift; sourceTree = "<group>"; };
		0489A0FD2B1049AA00399ED9 /* LockType.swift */ = {isa = PBXFileReference; lastKnownFileType = sourcecode.swift; path = LockType.swift; sourceTree = "<group>"; };
		0489A1072B105CED00399ED9 /* RectangleViewModel.swift */ = {isa = PBXFileReference; lastKnownFileType = sourcecode.swift; path = RectangleViewModel.swift; sourceTree = "<group>"; };
		0489A10A2B105DFC00399ED9 /* LockPlaceHolderView.swift */ = {isa = PBXFileReference; lastKnownFileType = sourcecode.swift; path = LockPlaceHolderView.swift; sourceTree = "<group>"; };
		0489A10C2B105ED400399ED9 /* LockRectangleConfigurationAppIntent.swift */ = {isa = PBXFileReference; lastKnownFileType = sourcecode.swift; path = LockRectangleConfigurationAppIntent.swift; sourceTree = "<group>"; };
		0489A1102B105F4E00399ED9 /* RectangleProvider.swift */ = {isa = PBXFileReference; lastKnownFileType = sourcecode.swift; path = RectangleProvider.swift; sourceTree = "<group>"; };
		0489A1142B1060A100399ED9 /* LockRectangleWidget.swift */ = {isa = PBXFileReference; lastKnownFileType = sourcecode.swift; path = LockRectangleWidget.swift; sourceTree = "<group>"; };
		0489A11E2B1063AE00399ED9 /* RectangleWidgetView.swift */ = {isa = PBXFileReference; lastKnownFileType = sourcecode.swift; path = RectangleWidgetView.swift; sourceTree = "<group>"; };
		0489A12D2B107E4400399ED9 /* LockInlineWidget.swift */ = {isa = PBXFileReference; lastKnownFileType = sourcecode.swift; path = LockInlineWidget.swift; sourceTree = "<group>"; };
		0489A12F2B107E7600399ED9 /* LockSquareWidget.swift */ = {isa = PBXFileReference; lastKnownFileType = sourcecode.swift; path = LockSquareWidget.swift; sourceTree = "<group>"; };
		0489A1312B107EC800399ED9 /* LockSquareConfigurationAppIntent.swift */ = {isa = PBXFileReference; lastKnownFileType = sourcecode.swift; path = LockSquareConfigurationAppIntent.swift; sourceTree = "<group>"; };
		0489A1332B107F2400399ED9 /* LockInlineIntent.swift */ = {isa = PBXFileReference; lastKnownFileType = sourcecode.swift; path = LockInlineIntent.swift; sourceTree = "<group>"; };
		0489A1352B107F4F00399ED9 /* InlineProvider.swift */ = {isa = PBXFileReference; lastKnownFileType = sourcecode.swift; path = InlineProvider.swift; sourceTree = "<group>"; };
		0489A1372B107F5E00399ED9 /* SquareProvider.swift */ = {isa = PBXFileReference; lastKnownFileType = sourcecode.swift; path = SquareProvider.swift; sourceTree = "<group>"; };
		0489A13C2B1080DD00399ED9 /* SquareWidgetView.swift */ = {isa = PBXFileReference; lastKnownFileType = sourcecode.swift; path = SquareWidgetView.swift; sourceTree = "<group>"; };
		0489A1402B10815500399ED9 /* InlineWidgetView.swift */ = {isa = PBXFileReference; lastKnownFileType = sourcecode.swift; path = InlineWidgetView.swift; sourceTree = "<group>"; };
		0489A1472B10868900399ED9 /* SquareViewModel.swift */ = {isa = PBXFileReference; lastKnownFileType = sourcecode.swift; path = SquareViewModel.swift; sourceTree = "<group>"; };
		0489A14A2B1086C300399ED9 /* ExtensionSquareProvider.swift */ = {isa = PBXFileReference; lastKnownFileType = sourcecode.swift; path = ExtensionSquareProvider.swift; sourceTree = "<group>"; };
		0489A14C2B1086CE00399ED9 /* ExtensionRectangleProvider.swift */ = {isa = PBXFileReference; lastKnownFileType = sourcecode.swift; path = ExtensionRectangleProvider.swift; sourceTree = "<group>"; };
		0489A1532B108A8B00399ED9 /* RectBackgroundView.swift */ = {isa = PBXFileReference; lastKnownFileType = sourcecode.swift; path = RectBackgroundView.swift; sourceTree = "<group>"; };
		0489A1562B108B4400399ED9 /* AppEntity+Query.swift */ = {isa = PBXFileReference; lastKnownFileType = sourcecode.swift; path = "AppEntity+Query.swift"; sourceTree = "<group>"; };
		0489A15B2B109F8500399ED9 /* AppEntity+QuerySquare.swift */ = {isa = PBXFileReference; lastKnownFileType = sourcecode.swift; path = "AppEntity+QuerySquare.swift"; sourceTree = "<group>"; };
		0489A15D2B10A0B600399ED9 /* SquareBackgroundView.swift */ = {isa = PBXFileReference; lastKnownFileType = sourcecode.swift; path = SquareBackgroundView.swift; sourceTree = "<group>"; };
		0489A1602B10A8D900399ED9 /* ChangeBackgroundSquareIntent.swift */ = {isa = PBXFileReference; lastKnownFileType = sourcecode.swift; path = ChangeBackgroundSquareIntent.swift; sourceTree = "<group>"; };
		0489A1622B10A91A00399ED9 /* ChangeBackgroundRectIntent.swift */ = {isa = PBXFileReference; lastKnownFileType = sourcecode.swift; path = ChangeBackgroundRectIntent.swift; sourceTree = "<group>"; };
		049024E92B0E103C00481973 /* Category+CoreDataProperties.swift */ = {isa = PBXFileReference; fileEncoding = 4; lastKnownFileType = sourcecode.swift; path = "Category+CoreDataProperties.swift"; sourceTree = "<group>"; };
		049024EA2B0E103C00481973 /* Item+CoreDataProperties.swift */ = {isa = PBXFileReference; fileEncoding = 4; lastKnownFileType = sourcecode.swift; path = "Item+CoreDataProperties.swift"; sourceTree = "<group>"; };
		049024EB2B0E103C00481973 /* Item+CoreDataClass.swift */ = {isa = PBXFileReference; fileEncoding = 4; lastKnownFileType = sourcecode.swift; path = "Item+CoreDataClass.swift"; sourceTree = "<group>"; };
		049024EC2B0E103C00481973 /* Category+CoreDataClass.swift */ = {isa = PBXFileReference; fileEncoding = 4; lastKnownFileType = sourcecode.swift; path = "Category+CoreDataClass.swift"; sourceTree = "<group>"; };
		04A3921B2B0B0BF10061A573 /* InstagramView.swift */ = {isa = PBXFileReference; lastKnownFileType = sourcecode.swift; path = InstagramView.swift; sourceTree = "<group>"; };
		04C6B7672B07187D00E9ED63 /* WidgetBundleHome.swift */ = {isa = PBXFileReference; lastKnownFileType = sourcecode.swift; path = WidgetBundleHome.swift; sourceTree = "<group>"; };
		04C6B7942B0728E700E9ED63 /* Preview Assets.xcassets */ = {isa = PBXFileReference; lastKnownFileType = folder.assetcatalog; path = "Preview Assets.xcassets"; sourceTree = "<group>"; };
		04C6B7972B07296000E9ED63 /* Info.plist */ = {isa = PBXFileReference; lastKnownFileType = text.plist.xml; path = Info.plist; sourceTree = "<group>"; };
		04C6B7992B0753C700E9ED63 /* PlayButtonIntent.swift */ = {isa = PBXFileReference; lastKnownFileType = sourcecode.swift; path = PlayButtonIntent.swift; sourceTree = "<group>"; };
		2E97EB6424427E68D885218D /* Pods_WallPaper_CoreData.framework */ = {isa = PBXFileReference; explicitFileType = wrapper.framework; includeInIndex = 0; path = Pods_WallPaper_CoreData.framework; sourceTree = BUILT_PRODUCTS_DIR; };
		8477D4774E7D6057442634E0 /* Pods-WallPaper-CoreData.release.xcconfig */ = {isa = PBXFileReference; includeInIndex = 1; lastKnownFileType = text.xcconfig; name = "Pods-WallPaper-CoreData.release.xcconfig"; path = "Target Support Files/Pods-WallPaper-CoreData/Pods-WallPaper-CoreData.release.xcconfig"; sourceTree = "<group>"; };
		96B1051C7C9DBF96504ACD2B /* Pods-Wallpaper-WidgetExtension.release.xcconfig */ = {isa = PBXFileReference; includeInIndex = 1; lastKnownFileType = text.xcconfig; name = "Pods-Wallpaper-WidgetExtension.release.xcconfig"; path = "Target Support Files/Pods-Wallpaper-WidgetExtension/Pods-Wallpaper-WidgetExtension.release.xcconfig"; sourceTree = "<group>"; };
		CA93044E15A981AB70C09F44 /* Pods-WallPaper-CoreData.debug.xcconfig */ = {isa = PBXFileReference; includeInIndex = 1; lastKnownFileType = text.xcconfig; name = "Pods-WallPaper-CoreData.debug.xcconfig"; path = "Target Support Files/Pods-WallPaper-CoreData/Pods-WallPaper-CoreData.debug.xcconfig"; sourceTree = "<group>"; };
		D1DFBE372B11B9FB007512EE /* CategoryLock+CoreDataClass.swift */ = {isa = PBXFileReference; lastKnownFileType = sourcecode.swift; path = "CategoryLock+CoreDataClass.swift"; sourceTree = "<group>"; };
		D1DFBE382B11B9FB007512EE /* CategoryLock+CoreDataProperties.swift */ = {isa = PBXFileReference; lastKnownFileType = sourcecode.swift; path = "CategoryLock+CoreDataProperties.swift"; sourceTree = "<group>"; };
		EEE3FF5507D513869AABBFFD /* Pods_Wallpaper_WidgetExtension.framework */ = {isa = PBXFileReference; explicitFileType = wrapper.framework; includeInIndex = 0; path = Pods_Wallpaper_WidgetExtension.framework; sourceTree = BUILT_PRODUCTS_DIR; };
/* End PBXFileReference section */

/* Begin PBXFrameworksBuildPhase section */
		0456736E2B0206C200D7B28F /* Frameworks */ = {
			isa = PBXFrameworksBuildPhase;
			buildActionMask = 2147483647;
			files = (
				045673762B0206C300D7B28F /* SwiftUI.framework in Frameworks */,
				045673742B0206C300D7B28F /* WidgetKit.framework in Frameworks */,
				BF3DB7D2932A2B57E809DDB7 /* Pods_Wallpaper_WidgetExtension.framework in Frameworks */,
			);
			runOnlyForDeploymentPostprocessing = 0;
		};
		0485EAE62B01C8DA00C2C6DF /* Frameworks */ = {
			isa = PBXFrameworksBuildPhase;
			buildActionMask = 2147483647;
			files = (
				7682CF9B670042E319E7721F /* Pods_WallPaper_CoreData.framework in Frameworks */,
			);
			runOnlyForDeploymentPostprocessing = 0;
		};
/* End PBXFrameworksBuildPhase section */

/* Begin PBXGroup section */
		045673722B0206C300D7B28F /* Frameworks */ = {
			isa = PBXGroup;
			children = (
				045673732B0206C300D7B28F /* WidgetKit.framework */,
				045673752B0206C300D7B28F /* SwiftUI.framework */,
				2E97EB6424427E68D885218D /* Pods_WallPaper_CoreData.framework */,
				EEE3FF5507D513869AABBFFD /* Pods_Wallpaper_WidgetExtension.framework */,
			);
			name = Frameworks;
			sourceTree = "<group>";
		};
		045673772B0206C300D7B28F /* Wallpaper-Widget */ = {
			isa = PBXGroup;
			children = (
				04C6B7972B07296000E9ED63 /* Info.plist */,
				0485EAF02B01C8DB00C2C6DF /* Assets.xcassets */,
				04C6B7672B07187D00E9ED63 /* WidgetBundleHome.swift */,
				04C6B77A2B071D1600E9ED63 /* Wallpaper-Lock */,
				04C6B7962B0728F600E9ED63 /* Wallpaper-Home */,
			);
			path = "Wallpaper-Widget";
			sourceTree = "<group>";
		};
		0456738E2B02071500D7B28F /* Provider */ = {
			isa = PBXGroup;
			children = (
				045673A12B02101900D7B28F /* HomeProvider.swift */,
				0475C1892B0C90E5002DD99D /* ExtensionProvider.swift */,
			);
			path = Provider;
			sourceTree = "<group>";
		};
		0456738F2B02071A00D7B28F /* Intent */ = {
			isa = PBXGroup;
			children = (
				045673C42B0222C600D7B28F /* ChangeBackgroundIntent.swift */,
				045673C52B0222C600D7B28F /* RandomRoutinButtonIntent.swift */,
				045673C72B0222C600D7B28F /* SingleRoutineButtonIntent.swift */,
				045673C62B0222C600D7B28F /* SourceMakerIntent.swift */,
				0456739B2B020FF400D7B28F /* AppIntent.swift */,
				045673922B02074900D7B28F /* AppIntity+Query.swift */,
			);
			path = Intent;
			sourceTree = "<group>";
		};
		045673902B02072100D7B28F /* Views */ = {
			isa = PBXGroup;
			children = (
				045673C12B0222BB00D7B28F /* BackgroudView.swift */,
				045673C02B0222BB00D7B28F /* CheckListView.swift */,
				0456739D2B020FFF00D7B28F /* HomePlaceholderView.swift */,
				0456739F2B02100400D7B28F /* WallPaperView.swift */,
			);
			path = Views;
			sourceTree = "<group>";
		};
		045673912B02072600D7B28F /* Model */ = {
			isa = PBXGroup;
			children = (
				045673BE2B02228500D7B28F /* ImageDataViewModel.swift */,
			);
			path = Model;
			sourceTree = "<group>";
		};
		0485EAE02B01C8DA00C2C6DF = {
			isa = PBXGroup;
			children = (
				045673882B0206D500D7B28F /* Wallpaper-WidgetExtension.entitlements */,
				0485EAEB2B01C8DA00C2C6DF /* WallPaper-CoreData */,
				045673772B0206C300D7B28F /* Wallpaper-Widget */,
				045673722B0206C300D7B28F /* Frameworks */,
				0485EAEA2B01C8DA00C2C6DF /* Products */,
				2DFFBC499B522C91A899A94F /* Pods */,
			);
			sourceTree = "<group>";
		};
		0485EAEA2B01C8DA00C2C6DF /* Products */ = {
			isa = PBXGroup;
			children = (
				0485EAE92B01C8DA00C2C6DF /* WallPaper-CoreData.app */,
				045673712B0206C200D7B28F /* Wallpaper-WidgetExtension.appex */,
			);
			name = Products;
			sourceTree = "<group>";
		};
		0485EAEB2B01C8DA00C2C6DF /* WallPaper-CoreData */ = {
			isa = PBXGroup;
			children = (
				04C6B7932B0728D700E9ED63 /* Preview Content */,
				0485EAEC2B01C8DA00C2C6DF /* WallPaper_CoreDataApp.swift */,
				0485EAEE2B01C8DA00C2C6DF /* ContentView.swift */,
				04A3921B2B0B0BF10061A573 /* InstagramView.swift */,
				048407A12B047D8500381846 /* Info.plist */,
				0456736C2B02023C00D7B28F /* WallPaper-CoreData.entitlements */,
				0485EB182B01CA8E00C2C6DF /* CoreData */,
				0485EAFF2B01CA3200C2C6DF /* Model */,
				0485EAFE2B01CA2D00C2C6DF /* Constant */,
				0485EAFD2B01CA2200C2C6DF /* Service */,
			);
			path = "WallPaper-CoreData";
			sourceTree = "<group>";
		};
		0485EAFD2B01CA2200C2C6DF /* Service */ = {
			isa = PBXGroup;
			children = (
				0485EB0D2B01CA6A00C2C6DF /* FileService.swift */,
				0485EB0C2B01CA6800C2C6DF /* HomeNetworkManager.swift */,
				0489A0F42B1043CC00399ED9 /* GifNetworkManager.swift */,
				045673952B02088500D7B28F /* CoreDataService.swift */,
			);
			path = Service;
			sourceTree = "<group>";
		};
		0485EAFE2B01CA2D00C2C6DF /* Constant */ = {
			isa = PBXGroup;
			children = (
				0485EB0A2B01CA5200C2C6DF /* WDConstant.swift */,
			);
			path = Constant;
			sourceTree = "<group>";
		};
		0485EAFF2B01CA3200C2C6DF /* Model */ = {
			isa = PBXGroup;
			children = (
				0489A0F82B10480400399ED9 /* Lock */,
				0489A0F72B10479D00399ED9 /* Common */,
				0489A0ED2B1040E500399ED9 /* Home */,
			);
			path = Model;
			sourceTree = "<group>";
		};
		0485EB182B01CA8E00C2C6DF /* CoreData */ = {
			isa = PBXGroup;
			children = (
				0485EAFA2B01C8FD00C2C6DF /* WidgetModel.xcdatamodeld */,
				049024C92B0E0B7E00481973 /* Lock */,
				0490249B2B0E035700481973 /* Home */,
				0485EB192B01CAA800C2C6DF /* Extension */,
			);
			path = CoreData;
			sourceTree = "<group>";
		};
		0485EB192B01CAA800C2C6DF /* Extension */ = {
			isa = PBXGroup;
			children = (
				0485EB242B01CC3F00C2C6DF /* CategoryExtension.swift */,
				0489A0E22B103AB700399ED9 /* CategoryLockExtension.swift */,
				0485EB262B01CCEA00C2C6DF /* ItemExtension.swift */,
				0485EB282B01D6AF00C2C6DF /* DataController.swift */,
			);
			path = Extension;
			sourceTree = "<group>";
		};
		0489A0ED2B1040E500399ED9 /* Home */ = {
			isa = PBXGroup;
			children = (
				0485EB042B01CA4600C2C6DF /* WeekendDayModel.swift */,
				0485EB002B01CA4400C2C6DF /* ButtonCheckListModel.swift */,
				0485EB012B01CA4500C2C6DF /* WDHomeFolderType.swift */,
				0485EB032B01CA4500C2C6DF /* WDNetworkHomeModel.swift */,
			);
			path = Home;
			sourceTree = "<group>";
		};
		0489A0F72B10479D00399ED9 /* Common */ = {
			isa = PBXGroup;
			children = (
				0489A0EE2B1040F400399ED9 /* CommonResponseModel.swift */,
				0485EB022B01CA4500C2C6DF /* FolderModel.swift */,
			);
			path = Common;
			sourceTree = "<group>";
		};
		0489A0F82B10480400399ED9 /* Lock */ = {
			isa = PBXGroup;
			children = (
				0489A0FD2B1049AA00399ED9 /* LockType.swift */,
				0489A0F92B10481400399ED9 /* Gif */,
			);
			path = Lock;
			sourceTree = "<group>";
		};
		0489A0F92B10481400399ED9 /* Gif */ = {
			isa = PBXGroup;
			children = (
				0489A0F12B1041A800399ED9 /* WDGifLockModel.swift */,
				0489A0FA2B1048BA00399ED9 /* LockGifType.swift */,
			);
			path = Gif;
			sourceTree = "<group>";
		};
		0489A1032B105C4100399ED9 /* Views */ = {
			isa = PBXGroup;
			children = (
				0489A10A2B105DFC00399ED9 /* LockPlaceHolderView.swift */,
				0489A11E2B1063AE00399ED9 /* RectangleWidgetView.swift */,
				0489A1532B108A8B00399ED9 /* RectBackgroundView.swift */,
			);
			path = Views;
			sourceTree = "<group>";
		};
		0489A1042B105C4500399ED9 /* Provider */ = {
			isa = PBXGroup;
			children = (
				0489A1102B105F4E00399ED9 /* RectangleProvider.swift */,
				0489A14C2B1086CE00399ED9 /* ExtensionRectangleProvider.swift */,
			);
			path = Provider;
			sourceTree = "<group>";
		};
		0489A1052B105C4C00399ED9 /* Intent */ = {
			isa = PBXGroup;
			children = (
				04C6B7992B0753C700E9ED63 /* PlayButtonIntent.swift */,
				0489A10C2B105ED400399ED9 /* LockRectangleConfigurationAppIntent.swift */,
				0489A1562B108B4400399ED9 /* AppEntity+Query.swift */,
				0489A1622B10A91A00399ED9 /* ChangeBackgroundRectIntent.swift */,
			);
			path = Intent;
			sourceTree = "<group>";
		};
		0489A1062B105C5700399ED9 /* Model */ = {
			isa = PBXGroup;
			children = (
				0489A1072B105CED00399ED9 /* RectangleViewModel.swift */,
			);
			path = Model;
			sourceTree = "<group>";
		};
		0489A1222B107D9B00399ED9 /* Rectangle */ = {
			isa = PBXGroup;
			children = (
				0489A1142B1060A100399ED9 /* LockRectangleWidget.swift */,
				0489A1062B105C5700399ED9 /* Model */,
				0489A1052B105C4C00399ED9 /* Intent */,
				0489A1042B105C4500399ED9 /* Provider */,
				0489A1032B105C4100399ED9 /* Views */,
			);
			path = Rectangle;
			sourceTree = "<group>";
		};
		0489A1232B107DA400399ED9 /* Square */ = {
			isa = PBXGroup;
			children = (
				0489A12F2B107E7600399ED9 /* LockSquareWidget.swift */,
				0489A1282B107DFD00399ED9 /* Views */,
				0489A1272B107DF800399ED9 /* Provider */,
				0489A1262B107DF300399ED9 /* Intent */,
				0489A1252B107DEE00399ED9 /* Model */,
			);
			path = Square;
			sourceTree = "<group>";
		};
		0489A1242B107DA900399ED9 /* Inline */ = {
			isa = PBXGroup;
			children = (
				0489A12D2B107E4400399ED9 /* LockInlineWidget.swift */,
				0489A12C2B107E2D00399ED9 /* Views */,
				0489A12B2B107E2200399ED9 /* Provider */,
				0489A12A2B107E1300399ED9 /* Intent */,
			);
			path = Inline;
			sourceTree = "<group>";
		};
		0489A1252B107DEE00399ED9 /* Model */ = {
			isa = PBXGroup;
			children = (
				0489A1472B10868900399ED9 /* SquareViewModel.swift */,
			);
			path = Model;
			sourceTree = "<group>";
		};
		0489A1262B107DF300399ED9 /* Intent */ = {
			isa = PBXGroup;
			children = (
				0489A1312B107EC800399ED9 /* LockSquareConfigurationAppIntent.swift */,
				0489A15B2B109F8500399ED9 /* AppEntity+QuerySquare.swift */,
				0489A1602B10A8D900399ED9 /* ChangeBackgroundSquareIntent.swift */,
			);
			path = Intent;
			sourceTree = "<group>";
		};
		0489A1272B107DF800399ED9 /* Provider */ = {
			isa = PBXGroup;
			children = (
				0489A1372B107F5E00399ED9 /* SquareProvider.swift */,
				0489A14A2B1086C300399ED9 /* ExtensionSquareProvider.swift */,
			);
			path = Provider;
			sourceTree = "<group>";
		};
		0489A1282B107DFD00399ED9 /* Views */ = {
			isa = PBXGroup;
			children = (
				0489A13C2B1080DD00399ED9 /* SquareWidgetView.swift */,
				0489A15D2B10A0B600399ED9 /* SquareBackgroundView.swift */,
			);
			path = Views;
			sourceTree = "<group>";
		};
		0489A12A2B107E1300399ED9 /* Intent */ = {
			isa = PBXGroup;
			children = (
				0489A1332B107F2400399ED9 /* LockInlineIntent.swift */,
			);
			path = Intent;
			sourceTree = "<group>";
		};
		0489A12B2B107E2200399ED9 /* Provider */ = {
			isa = PBXGroup;
			children = (
				0489A1352B107F4F00399ED9 /* InlineProvider.swift */,
			);
			name = Provider;
			path = "Providẻ";
			sourceTree = "<group>";
		};
		0489A12C2B107E2D00399ED9 /* Views */ = {
			isa = PBXGroup;
			children = (
				0489A1402B10815500399ED9 /* InlineWidgetView.swift */,
			);
			name = Views;
			path = "Vỉews";
			sourceTree = "<group>";
		};
		0490249B2B0E035700481973 /* Home */ = {
			isa = PBXGroup;
			children = (
				049024EB2B0E103C00481973 /* Item+CoreDataClass.swift */,
				049024EA2B0E103C00481973 /* Item+CoreDataProperties.swift */,
				049024EC2B0E103C00481973 /* Category+CoreDataClass.swift */,
				049024E92B0E103C00481973 /* Category+CoreDataProperties.swift */,
			);
			path = Home;
			sourceTree = "<group>";
		};
		049024C92B0E0B7E00481973 /* Lock */ = {
			isa = PBXGroup;
			children = (
				D1DFBE372B11B9FB007512EE /* CategoryLock+CoreDataClass.swift */,
				D1DFBE382B11B9FB007512EE /* CategoryLock+CoreDataProperties.swift */,
			);
			path = Lock;
			sourceTree = "<group>";
		};
		04C6B77A2B071D1600E9ED63 /* Wallpaper-Lock */ = {
			isa = PBXGroup;
			children = (
				0489A1242B107DA900399ED9 /* Inline */,
				0489A1232B107DA400399ED9 /* Square */,
				0489A1222B107D9B00399ED9 /* Rectangle */,
			);
			path = "Wallpaper-Lock";
			sourceTree = "<group>";
		};
		04C6B7932B0728D700E9ED63 /* Preview Content */ = {
			isa = PBXGroup;
			children = (
				04C6B7942B0728E700E9ED63 /* Preview Assets.xcassets */,
			);
			path = "Preview Content";
			sourceTree = "<group>";
		};
		04C6B7962B0728F600E9ED63 /* Wallpaper-Home */ = {
			isa = PBXGroup;
			children = (
				045673982B020FD100D7B28F /* Wallpaper_WidgetBundle.swift */,
				045673912B02072600D7B28F /* Model */,
				045673902B02072100D7B28F /* Views */,
				0456738F2B02071A00D7B28F /* Intent */,
				0456738E2B02071500D7B28F /* Provider */,
			);
			path = "Wallpaper-Home";
			sourceTree = "<group>";
		};
		2DFFBC499B522C91A899A94F /* Pods */ = {
			isa = PBXGroup;
			children = (
				CA93044E15A981AB70C09F44 /* Pods-WallPaper-CoreData.debug.xcconfig */,
				8477D4774E7D6057442634E0 /* Pods-WallPaper-CoreData.release.xcconfig */,
				023337E4EF62D33D433EAEE2 /* Pods-Wallpaper-WidgetExtension.debug.xcconfig */,
				96B1051C7C9DBF96504ACD2B /* Pods-Wallpaper-WidgetExtension.release.xcconfig */,
			);
			path = Pods;
			sourceTree = "<group>";
		};
/* End PBXGroup section */

/* Begin PBXNativeTarget section */
		045673702B0206C200D7B28F /* Wallpaper-WidgetExtension */ = {
			isa = PBXNativeTarget;
			buildConfigurationList = 045673842B0206C400D7B28F /* Build configuration list for PBXNativeTarget "Wallpaper-WidgetExtension" */;
			buildPhases = (
				89C623670089EB462865D2E5 /* [CP] Check Pods Manifest.lock */,
				0456736D2B0206C200D7B28F /* Sources */,
				0456736E2B0206C200D7B28F /* Frameworks */,
				0456736F2B0206C200D7B28F /* Resources */,
			);
			buildRules = (
			);
			dependencies = (
			);
			name = "Wallpaper-WidgetExtension";
			packageProductDependencies = (
			);
			productName = "Wallpaper-WidgetExtension";
			productReference = 045673712B0206C200D7B28F /* Wallpaper-WidgetExtension.appex */;
			productType = "com.apple.product-type.app-extension";
		};
		0485EAE82B01C8DA00C2C6DF /* WallPaper-CoreData */ = {
			isa = PBXNativeTarget;
			buildConfigurationList = 0485EAF72B01C8DB00C2C6DF /* Build configuration list for PBXNativeTarget "WallPaper-CoreData" */;
			buildPhases = (
				0A8FE6857EBA16DA7A5F151F /* [CP] Check Pods Manifest.lock */,
				0485EAE52B01C8DA00C2C6DF /* Sources */,
				0485EAE62B01C8DA00C2C6DF /* Frameworks */,
				0485EAE72B01C8DA00C2C6DF /* Resources */,
				045673872B0206C400D7B28F /* Embed Foundation Extensions */,
			);
			buildRules = (
			);
			dependencies = (
				045673822B0206C400D7B28F /* PBXTargetDependency */,
			);
			name = "WallPaper-CoreData";
			packageProductDependencies = (
			);
			productName = "WallPaper-CoreData";
			productReference = 0485EAE92B01C8DA00C2C6DF /* WallPaper-CoreData.app */;
			productType = "com.apple.product-type.application";
		};
/* End PBXNativeTarget section */

/* Begin PBXProject section */
		0485EAE12B01C8DA00C2C6DF /* Project object */ = {
			isa = PBXProject;
			attributes = {
				BuildIndependentTargetsInParallel = 1;
				LastSwiftUpdateCheck = 1500;
				LastUpgradeCheck = 1500;
				TargetAttributes = {
					045673702B0206C200D7B28F = {
						CreatedOnToolsVersion = 15.0.1;
					};
					0485EAE82B01C8DA00C2C6DF = {
						CreatedOnToolsVersion = 15.0.1;
					};
				};
			};
			buildConfigurationList = 0485EAE42B01C8DA00C2C6DF /* Build configuration list for PBXProject "WallPaper-CoreData" */;
			compatibilityVersion = "Xcode 14.0";
			developmentRegion = en;
			hasScannedForEncodings = 0;
			knownRegions = (
				en,
				Base,
			);
			mainGroup = 0485EAE02B01C8DA00C2C6DF;
			packageReferences = (
				048407B02B04B37200381846 /* XCRemoteSwiftPackageReference "lottie-ios" */,
				047D4E822B05B1DA00CD0A10 /* XCRemoteSwiftPackageReference "SDWebImageSwiftUI" */,
			);
			productRefGroup = 0485EAEA2B01C8DA00C2C6DF /* Products */;
			projectDirPath = "";
			projectRoot = "";
			targets = (
				0485EAE82B01C8DA00C2C6DF /* WallPaper-CoreData */,
				045673702B0206C200D7B28F /* Wallpaper-WidgetExtension */,
			);
		};
/* End PBXProject section */

/* Begin PBXResourcesBuildPhase section */
		0456736F2B0206C200D7B28F /* Resources */ = {
			isa = PBXResourcesBuildPhase;
			buildActionMask = 2147483647;
			files = (
				04C6B7982B07297500E9ED63 /* Assets.xcassets in Resources */,
			);
			runOnlyForDeploymentPostprocessing = 0;
		};
		0485EAE72B01C8DA00C2C6DF /* Resources */ = {
			isa = PBXResourcesBuildPhase;
			buildActionMask = 2147483647;
			files = (
				04C6B7952B0728E700E9ED63 /* Preview Assets.xcassets in Resources */,
				0485EAF12B01C8DB00C2C6DF /* Assets.xcassets in Resources */,
			);
			runOnlyForDeploymentPostprocessing = 0;
		};
/* End PBXResourcesBuildPhase section */

/* Begin PBXShellScriptBuildPhase section */
		0A8FE6857EBA16DA7A5F151F /* [CP] Check Pods Manifest.lock */ = {
			isa = PBXShellScriptBuildPhase;
			buildActionMask = 2147483647;
			files = (
			);
			inputFileListPaths = (
			);
			inputPaths = (
				"${PODS_PODFILE_DIR_PATH}/Podfile.lock",
				"${PODS_ROOT}/Manifest.lock",
			);
			name = "[CP] Check Pods Manifest.lock";
			outputFileListPaths = (
			);
			outputPaths = (
				"$(DERIVED_FILE_DIR)/Pods-WallPaper-CoreData-checkManifestLockResult.txt",
			);
			runOnlyForDeploymentPostprocessing = 0;
			shellPath = /bin/sh;
			shellScript = "diff \"${PODS_PODFILE_DIR_PATH}/Podfile.lock\" \"${PODS_ROOT}/Manifest.lock\" > /dev/null\nif [ $? != 0 ] ; then\n    # print error to STDERR\n    echo \"error: The sandbox is not in sync with the Podfile.lock. Run 'pod install' or update your CocoaPods installation.\" >&2\n    exit 1\nfi\n# This output is used by Xcode 'outputs' to avoid re-running this script phase.\necho \"SUCCESS\" > \"${SCRIPT_OUTPUT_FILE_0}\"\n";
			showEnvVarsInLog = 0;
		};
		89C623670089EB462865D2E5 /* [CP] Check Pods Manifest.lock */ = {
			isa = PBXShellScriptBuildPhase;
			buildActionMask = 2147483647;
			files = (
			);
			inputFileListPaths = (
			);
			inputPaths = (
				"${PODS_PODFILE_DIR_PATH}/Podfile.lock",
				"${PODS_ROOT}/Manifest.lock",
			);
			name = "[CP] Check Pods Manifest.lock";
			outputFileListPaths = (
			);
			outputPaths = (
				"$(DERIVED_FILE_DIR)/Pods-Wallpaper-WidgetExtension-checkManifestLockResult.txt",
			);
			runOnlyForDeploymentPostprocessing = 0;
			shellPath = /bin/sh;
			shellScript = "diff \"${PODS_PODFILE_DIR_PATH}/Podfile.lock\" \"${PODS_ROOT}/Manifest.lock\" > /dev/null\nif [ $? != 0 ] ; then\n    # print error to STDERR\n    echo \"error: The sandbox is not in sync with the Podfile.lock. Run 'pod install' or update your CocoaPods installation.\" >&2\n    exit 1\nfi\n# This output is used by Xcode 'outputs' to avoid re-running this script phase.\necho \"SUCCESS\" > \"${SCRIPT_OUTPUT_FILE_0}\"\n";
			showEnvVarsInLog = 0;
		};
/* End PBXShellScriptBuildPhase section */

/* Begin PBXSourcesBuildPhase section */
		0456736D2B0206C200D7B28F /* Sources */ = {
			isa = PBXSourcesBuildPhase;
			buildActionMask = 2147483647;
			files = (
				049024F22B0E103C00481973 /* Item+CoreDataClass.swift in Sources */,
				0489A15F2B10A10D00399ED9 /* ExtensionSquareProvider.swift in Sources */,
				0489A11B2B1062E700399ED9 /* PlayButtonIntent.swift in Sources */,
				0489A0F02B10411E00399ED9 /* CommonResponseModel.swift in Sources */,
				045673AD2B0210CB00D7B28F /* HomeNetworkManager.swift in Sources */,
				045673CB2B0222C600D7B28F /* SingleRoutineButtonIntent.swift in Sources */,
				045673A82B0210BD00D7B28F /* WDHomeFolderType.swift in Sources */,
				045673972B02088500D7B28F /* CoreDataService.swift in Sources */,
				0489A11C2B1062EB00399ED9 /* RectangleViewModel.swift in Sources */,
				045673A02B02100400D7B28F /* WallPaperView.swift in Sources */,
				0489A1492B10869B00399ED9 /* SquareViewModel.swift in Sources */,
				0489A1552B108A9E00399ED9 /* RectBackgroundView.swift in Sources */,
				045673C92B0222C600D7B28F /* RandomRoutinButtonIntent.swift in Sources */,
				0489A0F62B1043CC00399ED9 /* GifNetworkManager.swift in Sources */,
				045673A32B02104A00D7B28F /* WDConstant.swift in Sources */,
				0489A1192B1062E200399ED9 /* LockPlaceHolderView.swift in Sources */,
				0489A0FF2B1049AA00399ED9 /* LockType.swift in Sources */,
				049024F02B0E103C00481973 /* Item+CoreDataProperties.swift in Sources */,
				0489A1432B10827100399ED9 /* InlineProvider.swift in Sources */,
				0489A15E2B10A0B600399ED9 /* SquareBackgroundView.swift in Sources */,
				0456739C2B020FF400D7B28F /* AppIntent.swift in Sources */,
				0489A0F32B1041A800399ED9 /* WDGifLockModel.swift in Sources */,
				0489A11A2B1062E500399ED9 /* RectangleProvider.swift in Sources */,
				045673A72B0210BD00D7B28F /* WeekendDayModel.swift in Sources */,
				0489A15A2B10942700399ED9 /* CategoryLockExtension.swift in Sources */,
				045673C22B0222BB00D7B28F /* CheckListView.swift in Sources */,
				0489A1442B1082A300399ED9 /* LockInlineWidget.swift in Sources */,
				045673A92B0210BD00D7B28F /* WDNetworkHomeModel.swift in Sources */,
				0489A1452B1082AA00399ED9 /* LockInlineIntent.swift in Sources */,
				0489A13E2B1080F200399ED9 /* SquareWidgetView.swift in Sources */,
				045673A22B02101900D7B28F /* HomeProvider.swift in Sources */,
				045673942B02074900D7B28F /* AppIntity+Query.swift in Sources */,
				045673BF2B02228500D7B28F /* ImageDataViewModel.swift in Sources */,
				0489A11D2B10631300399ED9 /* LockRectangleConfigurationAppIntent.swift in Sources */,
				0489A0FC2B1048BA00399ED9 /* LockGifType.swift in Sources */,
				0489A1422B10817700399ED9 /* InlineWidgetView.swift in Sources */,
				0489A1392B107F9600399ED9 /* LockSquareConfigurationAppIntent.swift in Sources */,
				0489A1612B10A8D900399ED9 /* ChangeBackgroundSquareIntent.swift in Sources */,
				0489A1162B1060B900399ED9 /* LockRectangleWidget.swift in Sources */,
				045673CA2B0222C600D7B28F /* SourceMakerIntent.swift in Sources */,
				045673A42B02105900D7B28F /* DataController.swift in Sources */,
				0489A13F2B10812400399ED9 /* LockSquareWidget.swift in Sources */,
				0489A15C2B109F8500399ED9 /* AppEntity+QuerySquare.swift in Sources */,
				0475C18B2B0C90E5002DD99D /* ExtensionProvider.swift in Sources */,
				0456739A2B020FD100D7B28F /* Wallpaper_WidgetBundle.swift in Sources */,
				049024F42B0E103C00481973 /* Category+CoreDataClass.swift in Sources */,
				045673892B0206E200D7B28F /* WidgetModel.xcdatamodeld in Sources */,
				0489A1592B10923300399ED9 /* ExtensionRectangleProvider.swift in Sources */,
				045673AC2B0210C900D7B28F /* FileService.swift in Sources */,
				0489A13B2B10808700399ED9 /* SquareProvider.swift in Sources */,
				0489A1632B10A91A00399ED9 /* ChangeBackgroundRectIntent.swift in Sources */,
				045673A52B02105C00D7B28F /* ItemExtension.swift in Sources */,
				045673AA2B0210BD00D7B28F /* ButtonCheckListModel.swift in Sources */,
				045673A62B02105E00D7B28F /* CategoryExtension.swift in Sources */,
				0456739E2B020FFF00D7B28F /* HomePlaceholderView.swift in Sources */,
				045673C82B0222C600D7B28F /* ChangeBackgroundIntent.swift in Sources */,
				0489A1202B10641F00399ED9 /* RectangleWidgetView.swift in Sources */,
				045673AB2B0210BD00D7B28F /* FolderModel.swift in Sources */,
				0489A1582B108B7500399ED9 /* AppEntity+Query.swift in Sources */,
				04C6B7912B07255A00E9ED63 /* WidgetBundleHome.swift in Sources */,
				045673C32B0222BB00D7B28F /* BackgroudView.swift in Sources */,
				049024EE2B0E103C00481973 /* Category+CoreDataProperties.swift in Sources */,
			);
			runOnlyForDeploymentPostprocessing = 0;
		};
		0485EAE52B01C8DA00C2C6DF /* Sources */ = {
			isa = PBXSourcesBuildPhase;
			buildActionMask = 2147483647;
			files = (
				0490249A2B0DB4BC00481973 /* ImageDataViewModel.swift in Sources */,
				0489A0FB2B1048BA00399ED9 /* LockGifType.swift in Sources */,
				0485EB052B01CA4600C2C6DF /* ButtonCheckListModel.swift in Sources */,
				0489A0E32B103AB700399ED9 /* CategoryLockExtension.swift in Sources */,
				0485EB082B01CA4600C2C6DF /* WDNetworkHomeModel.swift in Sources */,
				0489A0F22B1041A800399ED9 /* WDGifLockModel.swift in Sources */,
				0485EB272B01CCEA00C2C6DF /* ItemExtension.swift in Sources */,
				0485EB0E2B01CA6A00C2C6DF /* HomeNetworkManager.swift in Sources */,
				0485EB092B01CA4600C2C6DF /* WeekendDayModel.swift in Sources */,
				049024F12B0E103C00481973 /* Item+CoreDataClass.swift in Sources */,
				04A3921C2B0B0BF10061A573 /* InstagramView.swift in Sources */,
				0485EB0F2B01CA6A00C2C6DF /* FileService.swift in Sources */,
				0489A0FE2B1049AA00399ED9 /* LockType.swift in Sources */,
				0485EB072B01CA4600C2C6DF /* FolderModel.swift in Sources */,
				045673962B02088500D7B28F /* CoreDataService.swift in Sources */,
				0485EB0B2B01CA5200C2C6DF /* WDConstant.swift in Sources */,
				0485EAEF2B01C8DA00C2C6DF /* ContentView.swift in Sources */,
				0489A0EF2B1040F400399ED9 /* CommonResponseModel.swift in Sources */,
				049024F32B0E103C00481973 /* Category+CoreDataClass.swift in Sources */,
				0485EB292B01D6AF00C2C6DF /* DataController.swift in Sources */,
				0485EB062B01CA4600C2C6DF /* WDHomeFolderType.swift in Sources */,
				0489A0F52B1043CC00399ED9 /* GifNetworkManager.swift in Sources */,
				049024EF2B0E103C00481973 /* Item+CoreDataProperties.swift in Sources */,
				049024ED2B0E103C00481973 /* Category+CoreDataProperties.swift in Sources */,
				0485EB252B01CC3F00C2C6DF /* CategoryExtension.swift in Sources */,
				049024992B0DB4B100481973 /* SourceMakerIntent.swift in Sources */,
				0485EAED2B01C8DA00C2C6DF /* WallPaper_CoreDataApp.swift in Sources */,
				0485EAFC2B01C8FD00C2C6DF /* WidgetModel.xcdatamodeld in Sources */,
			);
			runOnlyForDeploymentPostprocessing = 0;
		};
/* End PBXSourcesBuildPhase section */

/* Begin PBXTargetDependency section */
		045673822B0206C400D7B28F /* PBXTargetDependency */ = {
			isa = PBXTargetDependency;
			target = 045673702B0206C200D7B28F /* Wallpaper-WidgetExtension */;
			targetProxy = 045673812B0206C400D7B28F /* PBXContainerItemProxy */;
		};
/* End PBXTargetDependency section */

/* Begin XCBuildConfiguration section */
		045673852B0206C400D7B28F /* Debug */ = {
			isa = XCBuildConfiguration;
			baseConfigurationReference = 023337E4EF62D33D433EAEE2 /* Pods-Wallpaper-WidgetExtension.debug.xcconfig */;
			buildSettings = {
				ASSETCATALOG_COMPILER_GLOBAL_ACCENT_COLOR_NAME = AccentColor;
				ASSETCATALOG_COMPILER_WIDGET_BACKGROUND_COLOR_NAME = WidgetBackground;
				CODE_SIGN_ENTITLEMENTS = "Wallpaper-WidgetExtension.entitlements";
				CODE_SIGN_STYLE = Automatic;
				CURRENT_PROJECT_VERSION = 1;
				DEVELOPMENT_TEAM = AL5596JXF3;
				GENERATE_INFOPLIST_FILE = YES;
				INFOPLIST_FILE = "Wallpaper-Widget/Info.plist";
				INFOPLIST_KEY_CFBundleDisplayName = "Wallpaper-Widget";
				INFOPLIST_KEY_NSHumanReadableCopyright = "";
				LD_RUNPATH_SEARCH_PATHS = (
					"$(inherited)",
					"@executable_path/Frameworks",
					"@executable_path/../../Frameworks",
				);
				MARKETING_VERSION = 1.0;
				PRODUCT_BUNDLE_IDENTIFIER = "demo.WallPaper-CoreData.Wallpaper-Widget";
				PRODUCT_NAME = "$(TARGET_NAME)";
				SKIP_INSTALL = YES;
				SWIFT_EMIT_LOC_STRINGS = YES;
				SWIFT_VERSION = 5.0;
				TARGETED_DEVICE_FAMILY = "1,2";
			};
			name = Debug;
		};
		045673862B0206C400D7B28F /* Release */ = {
			isa = XCBuildConfiguration;
			baseConfigurationReference = 96B1051C7C9DBF96504ACD2B /* Pods-Wallpaper-WidgetExtension.release.xcconfig */;
			buildSettings = {
				ASSETCATALOG_COMPILER_GLOBAL_ACCENT_COLOR_NAME = AccentColor;
				ASSETCATALOG_COMPILER_WIDGET_BACKGROUND_COLOR_NAME = WidgetBackground;
				CODE_SIGN_ENTITLEMENTS = "Wallpaper-WidgetExtension.entitlements";
				CODE_SIGN_STYLE = Automatic;
				CURRENT_PROJECT_VERSION = 1;
				DEVELOPMENT_TEAM = AL5596JXF3;
				GENERATE_INFOPLIST_FILE = YES;
				INFOPLIST_FILE = "Wallpaper-Widget/Info.plist";
				INFOPLIST_KEY_CFBundleDisplayName = "Wallpaper-Widget";
				INFOPLIST_KEY_NSHumanReadableCopyright = "";
				LD_RUNPATH_SEARCH_PATHS = (
					"$(inherited)",
					"@executable_path/Frameworks",
					"@executable_path/../../Frameworks",
				);
				MARKETING_VERSION = 1.0;
				PRODUCT_BUNDLE_IDENTIFIER = "demo.WallPaper-CoreData.Wallpaper-Widget";
				PRODUCT_NAME = "$(TARGET_NAME)";
				SKIP_INSTALL = YES;
				SWIFT_EMIT_LOC_STRINGS = YES;
				SWIFT_VERSION = 5.0;
				TARGETED_DEVICE_FAMILY = "1,2";
			};
			name = Release;
		};
		0485EAF52B01C8DB00C2C6DF /* Debug */ = {
			isa = XCBuildConfiguration;
			buildSettings = {
				ALWAYS_SEARCH_USER_PATHS = NO;
				ASSETCATALOG_COMPILER_GENERATE_SWIFT_ASSET_SYMBOL_EXTENSIONS = YES;
				CLANG_ANALYZER_NONNULL = YES;
				CLANG_ANALYZER_NUMBER_OBJECT_CONVERSION = YES_AGGRESSIVE;
				CLANG_CXX_LANGUAGE_STANDARD = "gnu++20";
				CLANG_ENABLE_MODULES = YES;
				CLANG_ENABLE_OBJC_ARC = YES;
				CLANG_ENABLE_OBJC_WEAK = YES;
				CLANG_WARN_BLOCK_CAPTURE_AUTORELEASING = YES;
				CLANG_WARN_BOOL_CONVERSION = YES;
				CLANG_WARN_COMMA = YES;
				CLANG_WARN_CONSTANT_CONVERSION = YES;
				CLANG_WARN_DEPRECATED_OBJC_IMPLEMENTATIONS = YES;
				CLANG_WARN_DIRECT_OBJC_ISA_USAGE = YES_ERROR;
				CLANG_WARN_DOCUMENTATION_COMMENTS = YES;
				CLANG_WARN_EMPTY_BODY = YES;
				CLANG_WARN_ENUM_CONVERSION = YES;
				CLANG_WARN_INFINITE_RECURSION = YES;
				CLANG_WARN_INT_CONVERSION = YES;
				CLANG_WARN_NON_LITERAL_NULL_CONVERSION = YES;
				CLANG_WARN_OBJC_IMPLICIT_RETAIN_SELF = YES;
				CLANG_WARN_OBJC_LITERAL_CONVERSION = YES;
				CLANG_WARN_OBJC_ROOT_CLASS = YES_ERROR;
				CLANG_WARN_QUOTED_INCLUDE_IN_FRAMEWORK_HEADER = YES;
				CLANG_WARN_RANGE_LOOP_ANALYSIS = YES;
				CLANG_WARN_STRICT_PROTOTYPES = YES;
				CLANG_WARN_SUSPICIOUS_MOVE = YES;
				CLANG_WARN_UNGUARDED_AVAILABILITY = YES_AGGRESSIVE;
				CLANG_WARN_UNREACHABLE_CODE = YES;
				CLANG_WARN__DUPLICATE_METHOD_MATCH = YES;
				COPY_PHASE_STRIP = NO;
				DEBUG_INFORMATION_FORMAT = dwarf;
				ENABLE_STRICT_OBJC_MSGSEND = YES;
				ENABLE_TESTABILITY = YES;
				ENABLE_USER_SCRIPT_SANDBOXING = YES;
				GCC_C_LANGUAGE_STANDARD = gnu17;
				GCC_DYNAMIC_NO_PIC = NO;
				GCC_NO_COMMON_BLOCKS = YES;
				GCC_OPTIMIZATION_LEVEL = 0;
				GCC_PREPROCESSOR_DEFINITIONS = (
					"DEBUG=1",
					"$(inherited)",
				);
				GCC_WARN_64_TO_32_BIT_CONVERSION = YES;
				GCC_WARN_ABOUT_RETURN_TYPE = YES_ERROR;
				GCC_WARN_UNDECLARED_SELECTOR = YES;
				GCC_WARN_UNINITIALIZED_AUTOS = YES_AGGRESSIVE;
				GCC_WARN_UNUSED_FUNCTION = YES;
				GCC_WARN_UNUSED_VARIABLE = YES;
				IPHONEOS_DEPLOYMENT_TARGET = 17.0;
				LOCALIZATION_PREFERS_STRING_CATALOGS = YES;
				MTL_ENABLE_DEBUG_INFO = INCLUDE_SOURCE;
				MTL_FAST_MATH = YES;
				ONLY_ACTIVE_ARCH = YES;
				SDKROOT = iphoneos;
				SWIFT_ACTIVE_COMPILATION_CONDITIONS = "DEBUG $(inherited)";
				SWIFT_OPTIMIZATION_LEVEL = "-Onone";
			};
			name = Debug;
		};
		0485EAF62B01C8DB00C2C6DF /* Release */ = {
			isa = XCBuildConfiguration;
			buildSettings = {
				ALWAYS_SEARCH_USER_PATHS = NO;
				ASSETCATALOG_COMPILER_GENERATE_SWIFT_ASSET_SYMBOL_EXTENSIONS = YES;
				CLANG_ANALYZER_NONNULL = YES;
				CLANG_ANALYZER_NUMBER_OBJECT_CONVERSION = YES_AGGRESSIVE;
				CLANG_CXX_LANGUAGE_STANDARD = "gnu++20";
				CLANG_ENABLE_MODULES = YES;
				CLANG_ENABLE_OBJC_ARC = YES;
				CLANG_ENABLE_OBJC_WEAK = YES;
				CLANG_WARN_BLOCK_CAPTURE_AUTORELEASING = YES;
				CLANG_WARN_BOOL_CONVERSION = YES;
				CLANG_WARN_COMMA = YES;
				CLANG_WARN_CONSTANT_CONVERSION = YES;
				CLANG_WARN_DEPRECATED_OBJC_IMPLEMENTATIONS = YES;
				CLANG_WARN_DIRECT_OBJC_ISA_USAGE = YES_ERROR;
				CLANG_WARN_DOCUMENTATION_COMMENTS = YES;
				CLANG_WARN_EMPTY_BODY = YES;
				CLANG_WARN_ENUM_CONVERSION = YES;
				CLANG_WARN_INFINITE_RECURSION = YES;
				CLANG_WARN_INT_CONVERSION = YES;
				CLANG_WARN_NON_LITERAL_NULL_CONVERSION = YES;
				CLANG_WARN_OBJC_IMPLICIT_RETAIN_SELF = YES;
				CLANG_WARN_OBJC_LITERAL_CONVERSION = YES;
				CLANG_WARN_OBJC_ROOT_CLASS = YES_ERROR;
				CLANG_WARN_QUOTED_INCLUDE_IN_FRAMEWORK_HEADER = YES;
				CLANG_WARN_RANGE_LOOP_ANALYSIS = YES;
				CLANG_WARN_STRICT_PROTOTYPES = YES;
				CLANG_WARN_SUSPICIOUS_MOVE = YES;
				CLANG_WARN_UNGUARDED_AVAILABILITY = YES_AGGRESSIVE;
				CLANG_WARN_UNREACHABLE_CODE = YES;
				CLANG_WARN__DUPLICATE_METHOD_MATCH = YES;
				COPY_PHASE_STRIP = NO;
				DEBUG_INFORMATION_FORMAT = "dwarf-with-dsym";
				ENABLE_NS_ASSERTIONS = NO;
				ENABLE_STRICT_OBJC_MSGSEND = YES;
				ENABLE_USER_SCRIPT_SANDBOXING = YES;
				GCC_C_LANGUAGE_STANDARD = gnu17;
				GCC_NO_COMMON_BLOCKS = YES;
				GCC_WARN_64_TO_32_BIT_CONVERSION = YES;
				GCC_WARN_ABOUT_RETURN_TYPE = YES_ERROR;
				GCC_WARN_UNDECLARED_SELECTOR = YES;
				GCC_WARN_UNINITIALIZED_AUTOS = YES_AGGRESSIVE;
				GCC_WARN_UNUSED_FUNCTION = YES;
				GCC_WARN_UNUSED_VARIABLE = YES;
				IPHONEOS_DEPLOYMENT_TARGET = 17.0;
				LOCALIZATION_PREFERS_STRING_CATALOGS = YES;
				MTL_ENABLE_DEBUG_INFO = NO;
				MTL_FAST_MATH = YES;
				SDKROOT = iphoneos;
				SWIFT_COMPILATION_MODE = wholemodule;
				VALIDATE_PRODUCT = YES;
			};
			name = Release;
		};
		0485EAF82B01C8DB00C2C6DF /* Debug */ = {
			isa = XCBuildConfiguration;
			baseConfigurationReference = CA93044E15A981AB70C09F44 /* Pods-WallPaper-CoreData.debug.xcconfig */;
			buildSettings = {
				ALWAYS_EMBED_SWIFT_STANDARD_LIBRARIES = YES;
				ASSETCATALOG_COMPILER_APPICON_NAME = AppIcon;
				ASSETCATALOG_COMPILER_GLOBAL_ACCENT_COLOR_NAME = AccentColor;
				CODE_SIGN_ENTITLEMENTS = "WallPaper-CoreData/WallPaper-CoreData.entitlements";
				CODE_SIGN_STYLE = Automatic;
				CURRENT_PROJECT_VERSION = 1;
				DEVELOPMENT_ASSET_PATHS = "\"WallPaper-CoreData/Preview Content\"";
				DEVELOPMENT_TEAM = AL5596JXF3;
				ENABLE_PREVIEWS = YES;
				GENERATE_INFOPLIST_FILE = YES;
				INFOPLIST_FILE = "WallPaper-CoreData/Info.plist";
				INFOPLIST_KEY_UIApplicationSceneManifest_Generation = YES;
				INFOPLIST_KEY_UIApplicationSupportsIndirectInputEvents = YES;
				INFOPLIST_KEY_UILaunchScreen_Generation = YES;
				INFOPLIST_KEY_UISupportedInterfaceOrientations_iPad = "UIInterfaceOrientationPortrait UIInterfaceOrientationPortraitUpsideDown UIInterfaceOrientationLandscapeLeft UIInterfaceOrientationLandscapeRight";
				INFOPLIST_KEY_UISupportedInterfaceOrientations_iPhone = "UIInterfaceOrientationPortrait UIInterfaceOrientationLandscapeLeft UIInterfaceOrientationLandscapeRight";
				LD_RUNPATH_SEARCH_PATHS = (
					"$(inherited)",
					"@executable_path/Frameworks",
				);
				MARKETING_VERSION = 1.0;
				PRODUCT_BUNDLE_IDENTIFIER = "demo.WallPaper-CoreData";
				PRODUCT_NAME = "$(TARGET_NAME)";
				SWIFT_EMIT_LOC_STRINGS = YES;
				SWIFT_VERSION = 5.0;
				TARGETED_DEVICE_FAMILY = "1,2";
			};
			name = Debug;
		};
		0485EAF92B01C8DB00C2C6DF /* Release */ = {
			isa = XCBuildConfiguration;
			baseConfigurationReference = 8477D4774E7D6057442634E0 /* Pods-WallPaper-CoreData.release.xcconfig */;
			buildSettings = {
				ALWAYS_EMBED_SWIFT_STANDARD_LIBRARIES = YES;
				ASSETCATALOG_COMPILER_APPICON_NAME = AppIcon;
				ASSETCATALOG_COMPILER_GLOBAL_ACCENT_COLOR_NAME = AccentColor;
				CODE_SIGN_ENTITLEMENTS = "WallPaper-CoreData/WallPaper-CoreData.entitlements";
				CODE_SIGN_STYLE = Automatic;
				CURRENT_PROJECT_VERSION = 1;
				DEVELOPMENT_ASSET_PATHS = "\"WallPaper-CoreData/Preview Content\"";
				DEVELOPMENT_TEAM = AL5596JXF3;
				ENABLE_PREVIEWS = YES;
				GENERATE_INFOPLIST_FILE = YES;
				INFOPLIST_FILE = "WallPaper-CoreData/Info.plist";
				INFOPLIST_KEY_UIApplicationSceneManifest_Generation = YES;
				INFOPLIST_KEY_UIApplicationSupportsIndirectInputEvents = YES;
				INFOPLIST_KEY_UILaunchScreen_Generation = YES;
				INFOPLIST_KEY_UISupportedInterfaceOrientations_iPad = "UIInterfaceOrientationPortrait UIInterfaceOrientationPortraitUpsideDown UIInterfaceOrientationLandscapeLeft UIInterfaceOrientationLandscapeRight";
				INFOPLIST_KEY_UISupportedInterfaceOrientations_iPhone = "UIInterfaceOrientationPortrait UIInterfaceOrientationLandscapeLeft UIInterfaceOrientationLandscapeRight";
				LD_RUNPATH_SEARCH_PATHS = (
					"$(inherited)",
					"@executable_path/Frameworks",
				);
				MARKETING_VERSION = 1.0;
				PRODUCT_BUNDLE_IDENTIFIER = "demo.WallPaper-CoreData";
				PRODUCT_NAME = "$(TARGET_NAME)";
				SWIFT_EMIT_LOC_STRINGS = YES;
				SWIFT_VERSION = 5.0;
				TARGETED_DEVICE_FAMILY = "1,2";
			};
			name = Release;
		};
/* End XCBuildConfiguration section */

/* Begin XCConfigurationList section */
		045673842B0206C400D7B28F /* Build configuration list for PBXNativeTarget "Wallpaper-WidgetExtension" */ = {
			isa = XCConfigurationList;
			buildConfigurations = (
				045673852B0206C400D7B28F /* Debug */,
				045673862B0206C400D7B28F /* Release */,
			);
			defaultConfigurationIsVisible = 0;
			defaultConfigurationName = Release;
		};
		0485EAE42B01C8DA00C2C6DF /* Build configuration list for PBXProject "WallPaper-CoreData" */ = {
			isa = XCConfigurationList;
			buildConfigurations = (
				0485EAF52B01C8DB00C2C6DF /* Debug */,
				0485EAF62B01C8DB00C2C6DF /* Release */,
			);
			defaultConfigurationIsVisible = 0;
			defaultConfigurationName = Release;
		};
		0485EAF72B01C8DB00C2C6DF /* Build configuration list for PBXNativeTarget "WallPaper-CoreData" */ = {
			isa = XCConfigurationList;
			buildConfigurations = (
				0485EAF82B01C8DB00C2C6DF /* Debug */,
				0485EAF92B01C8DB00C2C6DF /* Release */,
			);
			defaultConfigurationIsVisible = 0;
			defaultConfigurationName = Release;
		};
/* End XCConfigurationList section */

/* Begin XCRemoteSwiftPackageReference section */
		047D4E822B05B1DA00CD0A10 /* XCRemoteSwiftPackageReference "SDWebImageSwiftUI" */ = {
			isa = XCRemoteSwiftPackageReference;
			repositoryURL = "https://github.com/SDWebImage/SDWebImageSwiftUI.git";
			requirement = {
				kind = upToNextMajorVersion;
				minimumVersion = 2.2.4;
			};
		};
		048407B02B04B37200381846 /* XCRemoteSwiftPackageReference "lottie-ios" */ = {
			isa = XCRemoteSwiftPackageReference;
			repositoryURL = "https://github.com/airbnb/lottie-ios.git";
			requirement = {
				kind = upToNextMinorVersion;
				minimumVersion = 4.3.3;
			};
		};
/* End XCRemoteSwiftPackageReference section */

/* Begin XCVersionGroup section */
		0485EAFA2B01C8FD00C2C6DF /* WidgetModel.xcdatamodeld */ = {
			isa = XCVersionGroup;
			children = (
				0485EAFB2B01C8FD00C2C6DF /* WidgetModel.xcdatamodel */,
			);
			currentVersion = 0485EAFB2B01C8FD00C2C6DF /* WidgetModel.xcdatamodel */;
			path = WidgetModel.xcdatamodeld;
			sourceTree = "<group>";
			versionGroupType = wrapper.xcdatamodel;
		};
/* End XCVersionGroup section */
	};
	rootObject = 0485EAE12B01C8DA00C2C6DF /* Project object */;
}
